<Solution>
  <Folder Name="/ScreenShots/">
    <File Path="C:/Users/عمر عبد السلام/Pictures/Screenshots/لقطة شاشة 2026-08-17 172940.png" />
    <File Path="C:/Users/عمر عبد السلام/Pictures/Screenshots/لقطة شاشة 2026-08-17 172958.png" />
  </Folder>
  <Project Path="WinFormsApp1/Bresenham.csproj" />
</Solution>
